
Microsoft Visual Studio Solution File, Format Version 12.00
# Visual Studio 14
VisualStudioVersion = 14.0.25420.1
MinimumVisualStudioVersion = 10.0.40219.1
Project("{FAE04EC0-301F-11D3-BF4B-00C04F79EFBC}") = "Cookies", "Mantener estado en el servidor\Cookies.csproj", "{9B58802C-93EF-4C09-AB93-F534E4E97663}"
EndProject
Project("{FAE04EC0-301F-11D3-BF4B-00C04F79EFBC}") = "RoutedParam", "RoutedParam\RoutedParam.csproj", "{6E6A7E69-0CD0-4D8A-A5E8-50CB062DB6E2}"
EndProject
Project("{FAE04EC0-301F-11D3-BF4B-00C04F79EFBC}") = "Sessions", "Sessions\Sessions.csproj", "{73DDAC84-FB59-4216-A92D-218F8B93FF9A}"
EndProject
Global
	GlobalSection(SolutionConfigurationPlatforms) = preSolution
		Debug|Any CPU = Debug|Any CPU
		Release|Any CPU = Release|Any CPU
	EndGlobalSection
	GlobalSection(ProjectConfigurationPlatforms) = postSolution
		{9B58802C-93EF-4C09-AB93-F534E4E97663}.Debug|Any CPU.ActiveCfg = Debug|Any CPU
		{9B58802C-93EF-4C09-AB93-F534E4E97663}.Debug|Any CPU.Build.0 = Debug|Any CPU
		{9B58802C-93EF-4C09-AB93-F534E4E97663}.Release|Any CPU.ActiveCfg = Release|Any CPU
		{9B58802C-93EF-4C09-AB93-F534E4E97663}.Release|Any CPU.Build.0 = Release|Any CPU
		{6E6A7E69-0CD0-4D8A-A5E8-50CB062DB6E2}.Debug|Any CPU.ActiveCfg = Debug|Any CPU
		{6E6A7E69-0CD0-4D8A-A5E8-50CB062DB6E2}.Debug|Any CPU.Build.0 = Debug|Any CPU
		{6E6A7E69-0CD0-4D8A-A5E8-50CB062DB6E2}.Release|Any CPU.ActiveCfg = Release|Any CPU
		{6E6A7E69-0CD0-4D8A-A5E8-50CB062DB6E2}.Release|Any CPU.Build.0 = Release|Any CPU
		{73DDAC84-FB59-4216-A92D-218F8B93FF9A}.Debug|Any CPU.ActiveCfg = Debug|Any CPU
		{73DDAC84-FB59-4216-A92D-218F8B93FF9A}.Debug|Any CPU.Build.0 = Debug|Any CPU
		{73DDAC84-FB59-4216-A92D-218F8B93FF9A}.Release|Any CPU.ActiveCfg = Release|Any CPU
		{73DDAC84-FB59-4216-A92D-218F8B93FF9A}.Release|Any CPU.Build.0 = Release|Any CPU
	EndGlobalSection
	GlobalSection(SolutionProperties) = preSolution
		HideSolutionNode = FALSE
	EndGlobalSection
EndGlobal
